<?xml version="1.0" encoding="utf-8"?>
<Project ToolsVersion="4.0" xmlns="http://schemas.microsoft.com/developer/msbuild/2003">
  <ItemGroup>
    <Filter Include="Source Files">
      <UniqueIdentifier>{4FC737F1-C7A5-4376-A066-2A32D752A2FF}</UniqueIdentifier>
      <Extensions>cpp;c;cc;cxx;c++;cppm;ixx;def;odl;idl;hpj;bat;asm;asmx</Extensions>
    </Filter>
    <Filter Include="Header Files">
      <UniqueIdentifier>{93995380-89BD-4b04-88EB-625FBE52EBFB}</UniqueIdentifier>
      <Extensions>h;hh;hpp;hxx;h++;hm;inl;inc;ipp;xsd</Extensions>
    </Filter>
    <Filter Include="Resource Files">
      <UniqueIdentifier>{67DA6AB6-F800-4c08-8B7A-83BB121AAD01}</UniqueIdentifier>
      <Extensions>rc;ico;cur;bmp;dlg;rc2;rct;bin;rgs;gif;jpg;jpeg;jpe;resx;tiff;tif;png;wav;mfcribbon-ms</Extensions>
    </Filter>
  </ItemGroup>
  <ItemGroup>
    <ClCompile Include="..\..\PacManGameSehar\Animator.cpp">
      <Filter>Source Files</Filter>
    </ClCompile>
    <ClCompile Include="..\..\PacManGameSehar\Bonus.cpp">
      <Filter>Source Files</Filter>
    </ClCompile>
    <ClCompile Include="..\..\PacManGameSehar\Dot.cpp">
      <Filter>Source Files</Filter>
    </ClCompile>
    <ClCompile Include="..\..\PacManGameSehar\Finished.cpp">
      <Filter>Source Files</Filter>
    </ClCompile>
    <ClCompile Include="..\..\PacManGameSehar\GameSound.cpp">
      <Filter>Source Files</Filter>
    </ClCompile>
    <ClCompile Include="..\..\PacManGameSehar\Ghost.cpp">
      <Filter>Source Files</Filter>
    </ClCompile>
    <ClCompile Include="..\..\PacManGameSehar\main.cpp">
      <Filter>Source Files</Filter>
    </ClCompile>
    <ClCompile Include="..\..\PacManGameSehar\Maze.cpp">
      <Filter>Source Files</Filter>
    </ClCompile>
    <ClCompile Include="..\..\PacManGameSehar\Menu.cpp">
      <Filter>Source Files</Filter>
    </ClCompile>
    <ClCompile Include="..\..\PacManGameSehar\NameMenu.cpp">
      <Filter>Source Files</Filter>
    </ClCompile>
    <ClCompile Include="..\..\PacManGameSehar\Pacman.cpp">
      <Filter>Source Files</Filter>
    </ClCompile>
    <ClCompile Include="..\..\PacManGameSehar\PauseMenu.cpp">
      <Filter>Source Files</Filter>
    </ClCompile>
    <ClCompile Include="..\..\PacManGameSehar\Ready.cpp">
      <Filter>Source Files</Filter>
    </ClCompile>
    <ClCompile Include="..\..\PacManGameSehar\Scoreboard.cpp">
      <Filter>Source Files</Filter>
    </ClCompile>
    <ClCompile Include="..\..\PacManGameSehar\SingleMenu.cpp">
      <Filter>Source Files</Filter>
    </ClCompile>
    <ClCompile Include="..\..\PacManGameSehar\StatusBar.cpp">
      <Filter>Source Files</Filter>
    </ClCompile>
  </ItemGroup>
  <ItemGroup>
    <ClInclude Include="..\..\PacManGameSehar\Animator.h">
      <Filter>Header Files</Filter>
    </ClInclude>
    <ClInclude Include="..\..\PacManGameSehar\Bonus.h">
      <Filter>Header Files</Filter>
    </ClInclude>
    <ClInclude Include="..\..\PacManGameSehar\Dot.h">
      <Filter>Header Files</Filter>
    </ClInclude>
    <ClInclude Include="..\..\PacManGameSehar\Finished.h">
      <Filter>Header Files</Filter>
    </ClInclude>
    <ClInclude Include="..\..\PacManGameSehar\GameSound.h">
      <Filter>Header Files</Filter>
    </ClInclude>
    <ClInclude Include="..\..\PacManGameSehar\Ghost.h">
      <Filter>Header Files</Filter>
    </ClInclude>
    <ClInclude Include="..\..\PacManGameSehar\Maze.h">
      <Filter>Header Files</Filter>
    </ClInclude>
    <ClInclude Include="..\..\PacManGameSehar\Menu.h">
      <Filter>Header Files</Filter>
    </ClInclude>
    <ClInclude Include="..\..\PacManGameSehar\NameMenu.h">
      <Filter>Header Files</Filter>
    </ClInclude>
    <ClInclude Include="..\..\PacManGameSehar\Pacman.h">
      <Filter>Header Files</Filter>
    </ClInclude>
    <ClInclude Include="..\..\PacManGameSehar\PauseMenu.h">
      <Filter>Header Files</Filter>
    </ClInclude>
    <ClInclude Include="..\..\PacManGameSehar\Ready.h">
      <Filter>Header Files</Filter>
    </ClInclude>
    <ClInclude Include="..\..\PacManGameSehar\Scoreboard.h">
      <Filter>Header Files</Filter>
    </ClInclude>
    <ClInclude Include="..\..\PacManGameSehar\SingleMenu.h">
      <Filter>Header Files</Filter>
    </ClInclude>
    <ClInclude Include="..\..\PacManGameSehar\StatusBar.h">
      <Filter>Header Files</Filter>
    </ClInclude>
  </ItemGroup>
  <ItemGroup>
    <Image Include="..\assets\barrier.png">
      <Filter>Resource Files</Filter>
    </Image>
    <Image Include="..\assets\level1.png">
      <Filter>Resource Files</Filter>
    </Image>
    <Image Include="..\assets\level2.png">
      <Filter>Resource Files</Filter>
    </Image>
    <Image Include="..\assets\level3.png">
      <Filter>Resource Files</Filter>
    </Image>
    <Image Include="..\assets\logo.png">
      <Filter>Resource Files</Filter>
    </Image>
    <Image Include="..\assets\sheet.png">
      <Filter>Resource Files</Filter>
    </Image>
    <Image Include="..\assets\wall.png">
      <Filter>Resource Files</Filter>
    </Image>
    <Image Include="..\assets\pacman_icon.png">
      <Filter>Resource Files</Filter>
    </Image>
  </ItemGroup>
  <ItemGroup>
    <Font Include="..\assets\font.ttf">
      <Filter>Resource Files</Filter>
    </Font>
  </ItemGroup>
  <ItemGroup>
    <Media Include="..\assets\pacman_beginning.wav">
      <Filter>Resource Files</Filter>
    </Media>
    <Media Include="..\assets\pacman_chomp.wav">
      <Filter>Resource Files</Filter>
    </Media>
    <Media Include="..\assets\pacman_death.wav">
      <Filter>Resource Files</Filter>
    </Media>
    <Media Include="..\assets\pacman_eatfruit.wav">
      <Filter>Resource Files</Filter>
    </Media>
    <Media Include="..\assets\pacman_eatghost.wav">
      <Filter>Resource Files</Filter>
    </Media>
  </ItemGroup>
  <ItemGroup>
    <Text Include="..\assets\Scoreboard.txt">
      <Filter>Resource Files</Filter>
    </Text>
  </ItemGroup>
</Project>